{
  "name": "gestion-manager",
  "version": "2.0.0",
  "lockfileVersion": 3,
  "requires": true,
  "packages": {
    "": {
      "name": "gestion-manager",
      "version": "2.0.0",
      "dependencies": {
        "@supabase/supabase-js": "^2.49.1",
        "bcryptjs": "^3.0.2",
        "jose": "^5.9.6",
        "next": "^14.2.18",
        "nodemailer": "^6.10.1",
        "react": "^18.3.1",
        "react-dom": "^18.3.1"
      },
      "devDependencies": {
        "sharp": "^0.35.1"
      }
    },
    "node_modules/@emnapi/runtime": {
      "version": "1.11.1",
      "resolved": "https://registry.npmjs.org/@emnapi/runtime/-/runtime-1.11.1.tgz",
      "integrity": "sha512-vgj7R3y3Wgx24IQaGPA/R6YFXLHVMOZ0uVEyIQPaWs+rd1AzfEMXlAC22FYwO1XkKR6NPsq7mUandH8oIRdZFw==",
      "dev": true,
      "license": "MIT",
      "optional": true,
      "dependencies": {
        "tslib": "^2.4.0"
      }
    },
    "node_modules/@img/colour": {
      "version": "1.1.0",
      "resolved": "https://registry.npmjs.org/@img/colour/-/colour-1.1.0.tgz",
      "integrity": "sha512-Td76q7j57o/tLVdgS746cYARfSyxk8iEfRxewL9h4OMzYhbW4TAcppl0mT4eyqXddh6L/jwoM75mo7ixa/pCeQ==",
      "dev": true,
      "license": "MIT",
      "engines": {
        "node": ">=18"
      }
    },
    "node_modules/@img/sharp-darwin-arm64": {
      "version": "0.35.1",
      "resolved": "https://registry.npmjs.org/@img/sharp-darwin-arm64/-/sharp-darwin-arm64-0.35.1.tgz",
      "integrity": "sha512-T15JRWOubQ3f5+GxnWeIvo47u5qV0M9HBgJhT+f2gE1e9e6OhR6K73Re52Hm80qWcu1DNb3GweKmpr/MnuP2Ow==",
      "cpu": [
        "arm64"
      ],
      "dev": true,
      "license": "Apache-2.0",
      "optional": true,
      "os": [
        "darwin"
      ],
      "engines": {
        "node": ">=20.9.0"
      },
      "funding": {
        "url": "https://opencollective.com/libvips"
      },
      "optionalDependencies": {
        "@img/sharp-libvips-darwin-arm64": "1.3.0"
      }
    },
    "node_modules/@img/sharp-darwin-x64": {
      "version": "0.35.1",
      "resolved": "https://registry.npmjs.org/@img/sharp-darwin-x64/-/sharp-darwin-x64-0.35.1.tgz",
      "integrity": "sha512-t1CPD0cr7XCHjwUj6tQ5MC0pCi866I+gUW6zbUX4aFPnKd1DFBtk0M+gWcjX8VeEzgfCNiSiNTVFZ6b7kvdbnQ==",
      "cpu": [
        "x64"
      ],
      "dev": true,
      "license": "Apache-2.0",
      "optional": true,
      "os": [
        "darwin"
      ],
      "engines": {
        "node": ">=20.9.0"
      },
      "funding": {
        "url": "https://opencollective.com/libvips"
      },
      "optionalDependencies": {
        "@img/sharp-libvips-darwin-x64": "1.3.0"
      }
    },
    "node_modules/@img/sharp-freebsd-wasm32": {
      "version": "0.35.1",
      "resolved": "https://registry.npmjs.org/@img/sharp-freebsd-wasm32/-/sharp-freebsd-wasm32-0.35.1.tgz",
      "integrity": "sha512-MBSQXqNPThW9EcZ905H6N4sEdX5EwZEYzGx5EBq9ncDCGJALMiY1xPFJxNdzuB1iBjLOpIfxajM6YxdvwmQSLA==",
      "dev": true,
      "license": "Apache-2.0",
      "optional": true,
      "os": [
        "freebsd"
      ],
      "dependencies": {
        "@img/sharp-wasm32": "0.35.1"
      },
      "engines": {
        "node": ">=20.9.0"
      },
      "funding": {
        "url": "https://opencollective.com/libvips"
      }
    },
    "node_modules/@img/sharp-libvips-darwin-arm64": {
      "version": "1.3.0",
      "resolved": "https://registry.npmjs.org/@img/sharp-libvips-darwin-arm64/-/sharp-libvips-darwin-arm64-1.3.0.tgz",
      "integrity": "sha512-EKbmBKtyTH+GPFDRw2TgK2oV6hyxxlJVIar4hoTYSNmIwipgMFdxPQqR392GmfdsPGWga0mCFN1cCKjRb9cljw==",
      "cpu": [
        "arm64"
      ],
      "dev": true,
      "license": "LGPL-3.0-or-later",
      "optional": true,
      "os": [
        "darwin"
      ],
      "funding": {
        "url": "https://opencollective.com/libvips"
      }
    },
    "node_modules/@img/sharp-libvips-darwin-x64": {
      "version": "1.3.0",
      "resolved": "https://registry.npmjs.org/@img/sharp-libvips-darwin-x64/-/sharp-libvips-darwin-x64-1.3.0.tgz",
      "integrity": "sha512-Pl2OmOvrJ42adUllESxBsG54PfXLo1OYg9i3c5/5Ln/qJ0gZuTM9YMhQJPIbXqwidLRc/c2zuHt4RsrymmNv7A==",
      "cpu": [
        "x64"
      ],
      "dev": true,
      "license": "LGPL-3.0-or-later",
      "optional": true,
      "os": [
        "darwin"
      ],
      "funding": {
        "url": "https://opencollective.com/libvips"
      }
    },
    "node_modules/@img/sharp-libvips-linux-arm": {
      "version": "1.3.0",
      "resolved": "https://registry.npmjs.org/@img/sharp-libvips-linux-arm/-/sharp-libvips-linux-arm-1.3.0.tgz",
      "integrity": "sha512-A8UpHoUDW4DwnXoV6+q3C1s7QLRAHtPDEjWuNZjwHMyoCNZnm0GeNN8ls9f/bsEYTRQRW96C/n34XJQHJ2fT7A==",
      "cpu": [
        "arm"
      ],
      "dev": true,
      "license": "LGPL-3.0-or-later",
      "optional": true,
      "os": [
        "linux"
      ],
      "funding": {
        "url": "https://opencollective.com/libvips"
      }
    },
    "node_modules/@img/sharp-libvips-linux-arm64": {
      "version": "1.3.0",
      "resolved": "https://registry.npmjs.org/@img/sharp-libvips-linux-arm64/-/sharp-libvips-linux-arm64-1.3.0.tgz",
      "integrity": "sha512-C0SqjoFKnszqa44EQ7xoaT48nnO0lOyXEULfXMWi8krrjOPGYkeK30Okzla6ATbBYsyZ0ySinK0FVkpv3DwzfQ==",
      "cpu": [
        "arm64"
      ],
      "dev": true,
      "license": "LGPL-3.0-or-later",
      "optional": true,
      "os": [
        "linux"
      ],
      "funding": {
        "url": "https://opencollective.com/libvips"
      }
    },
    "node_modules/@img/sharp-libvips-linux-ppc64": {
      "version": "1.3.0",
      "resolved": "https://registry.npmjs.org/@img/sharp-libvips-linux-ppc64/-/sharp-libvips-linux-ppc64-1.3.0.tgz",
      "integrity": "sha512-WOpkVxAjFd369iaIzEgNRreFD+gWdUMIGD5zplhNKNeqS6mm5dac3q2AFyCBmzYoAdouzZvRBgxy4z8QHZb4/A==",
      "cpu": [
        "ppc64"
      ],
      "dev": true,
      "license": "LGPL-3.0-or-later",
      "optional": true,
      "os": [
        "linux"
      ],
      "funding": {
        "url": "https://opencollective.com/libvips"
      }
    },
    "node_modules/@img/sharp-libvips-linux-riscv64": {
      "version": "1.3.0",
      "resolved": "https://registry.npmjs.org/@img/sharp-libvips-linux-riscv64/-/sharp-libvips-linux-riscv64-1.3.0.tgz",
      "integrity": "sha512-DRWw0mOHusrCCuw2rqP87oLg6PGlkomVDFqw2hIwsSfwWpu4k3XLcBPaKKl6ct/GtL/cwNkgwjV/tc0Mqht3VA==",
      "cpu": [
        "riscv64"
      ],
      "dev": true,
      "license": "LGPL-3.0-or-later",
      "optional": true,
      "os": [
        "linux"
      ],
      "funding": {
        "url": "https://opencollective.com/libvips"
      }
    },
    "node_modules/@img/sharp-libvips-linux-s390x": {
      "version": "1.3.0",
      "resolved": "https://registry.npmjs.org/@img/sharp-libvips-linux-s390x/-/sharp-libvips-linux-s390x-1.3.0.tgz",
      "integrity": "sha512-9APy+nFWhHS+kzLgWZfLcyrUd7YqnAQVa4BPOo4xkoHpdoktOAPG4cEr9+Jpl0TtqfVmcMJimNL5qNTyyOHZNA==",
      "cpu": [
        "s390x"
      ],
      "dev": true,
      "license": "LGPL-3.0-or-later",
      "optional": true,
      "os": [
        "linux"
      ],
      "funding": {
        "url": "https://opencollective.com/libvips"
      }
    },
    "node_modules/@img/sharp-libvips-linux-x64": {
      "version": "1.3.0",
      "resolved": "https://registry.npmjs.org/@img/sharp-libvips-linux-x64/-/sharp-libvips-linux-x64-1.3.0.tgz",
      "integrity": "sha512-y9RNUYDe2A1UAdhLyfeOodGRszQdaEoe4nfOpp/sNVPl2CWIcUyFaDoCh4vPLPxu19803j2naLqZup2WxDXCLA==",
      "cpu": [
        "x64"
      ],
      "dev": true,
      "license": "LGPL-3.0-or-later",
      "optional": true,
      "os": [
        "linux"
      ],
      "funding": {
        "url": "https://opencollective.com/libvips"
      }
    },
    "node_modules/@img/sharp-libvips-linuxmusl-arm64": {
      "version": "1.3.0",
      "resolved": "https://registry.npmjs.org/@img/sharp-libvips-linuxmusl-arm64/-/sharp-libvips-linuxmusl-arm64-1.3.0.tgz",
      "integrity": "sha512-cC1wkC0Mlucd0KSiGrLkJnB/ZqPvZCntc/Lk7ZnYO5ZSbF2euNek4Xvxafojq+wN1q/W0eprdpUIjUr/EV2PBg==",
      "cpu": [
        "arm64"
      ],
      "dev": true,
      "license": "LGPL-3.0-or-later",
      "optional": true,
      "os": [
        "linux"
      ],
      "funding": {
        "url": "https://opencollective.com/libvips"
      }
    },
    "node_modules/@img/sharp-libvips-linuxmusl-x64": {
      "version": "1.3.0",
      "resolved": "https://registry.npmjs.org/@img/sharp-libvips-linuxmusl-x64/-/sharp-libvips-linuxmusl-x64-1.3.0.tgz",
      "integrity": "sha512-LiYMhUZicB1QG//+RvmYZpXJO8fYRENfp+MZUCnG9aw+AKvGAy9gPaCnuwsPcBFs8EV66M0NNxj9VHcNklE8zw==",
      "cpu": [
        "x64"
      ],
      "dev": true,
      "license": "LGPL-3.0-or-later",
      "optional": true,
      "os": [
        "linux"
      ],
      "funding": {
        "url": "https://opencollective.com/libvips"
      }
    },
    "node_modules/@img/sharp-linux-arm": {
      "version": "0.35.1",
      "resolved": "https://registry.npmjs.org/@img/sharp-linux-arm/-/sharp-linux-arm-0.35.1.tgz",
      "integrity": "sha512-jygmR02PpCYypt7xB7nst1vqjZp/BpRA/Kf9nK7qRponJ/KrLPaZWEG4G15z1d2FZ6XqI+T0350ha3RSnKx24A==",
      "cpu": [
        "arm"
      ],
      "dev": true,
      "license": "Apache-2.0",
      "optional": true,
      "os": [
        "linux"
      ],
      "engines": {
        "node": ">=20.9.0"
      },
      "funding": {
        "url": "https://opencollective.com/libvips"
      },
      "optionalDependencies": {
        "@img/sharp-libvips-linux-arm": "1.3.0"
      }
    },
    "node_modules/@img/sharp-linux-arm64": {
      "version": "0.35.1",
      "resolved": "https://registry.npmjs.org/@img/sharp-linux-arm64/-/sharp-linux-arm64-0.35.1.tgz",
      "integrity": "sha512-ErCRyGU7LeoaFBZ0xW8hhLlXzhAg80sc4vxePB86qvtEvW1jEhhmbiNBP4oEzZfPMnu6HwHXfzD2W2kBU+RnCw==",
      "cpu": [
        "arm64"
      ],
      "dev": true,
      "license": "Apache-2.0",
      "optional": true,
      "os": [
        "linux"
      ],
      "engines": {
        "node": ">=20.9.0"
      },
      "funding": {
        "url": "https://opencollective.com/libvips"
      },
      "optionalDependencies": {
        "@img/sharp-libvips-linux-arm64": "1.3.0"
      }
    },
    "node_modules/@img/sharp-linux-ppc64": {
      "version": "0.35.1",
      "resolved": "https://registry.npmjs.org/@img/sharp-linux-ppc64/-/sharp-linux-ppc64-0.35.1.tgz",
      "integrity": "sha512-LUWZ2+r2UoLCd8j0RLCwQ4gL6w47+Y7igxtVnPIDXOOEjV86LpBkAHq5VpJeg+GHbw0KN/JWlPJOdZjyZnFqFQ==",
      "cpu": [
        "ppc64"
      ],
      "dev": true,
      "license": "Apache-2.0",
      "optional": true,
      "os": [
        "linux"
      ],
      "engines": {
        "node": ">=20.9.0"
      },
      "funding": {
        "url": "https://opencollective.com/libvips"
      },
      "optionalDependencies": {
        "@img/sharp-libvips-linux-ppc64": "1.3.0"
      }
    },
    "node_modules/@img/sharp-linux-riscv64": {
      "version": "0.35.1",
      "resolved": "https://registry.npmjs.org/@img/sharp-linux-riscv64/-/sharp-linux-riscv64-0.35.1.tgz",
      "integrity": "sha512-i7x6J3mwF4JgT0sM4V4WlAWdJ0bucPtA9rzO1bTji1n5qgBq/W5nn87RvOQPleuuxahNoLdTngByD8/vDDLArw==",
      "cpu": [
        "riscv64"
      ],
      "dev": true,
      "license": "Apache-2.0",
      "optional": true,
      "os": [
        "linux"
      ],
      "engines": {
        "node": ">=20.9.0"
      },
      "funding": {
        "url": "https://opencollective.com/libvips"
      },
      "optionalDependencies": {
        "@img/sharp-libvips-linux-riscv64": "1.3.0"
      }
    },
    "node_modules/@img/sharp-linux-s390x": {
      "version": "0.35.1",
      "resolved": "https://registry.npmjs.org/@img/sharp-linux-s390x/-/sharp-linux-s390x-0.35.1.tgz",
      "integrity": "sha512-0zSaTUjTF0kIWTSYxD4EG/nvCU4jez53+3RdURtoY3HvbXtIQ98W90JnrGz/oLRFuEnfIy9+7xeq883euc0ZWw==",
      "cpu": [
        "s390x"
      ],
      "dev": true,
      "license": "Apache-2.0",
      "optional": true,
      "os": [
        "linux"
      ],
      "engines": {
        "node": ">=20.9.0"
      },
      "funding": {
        "url": "https://opencollective.com/libvips"
      },
      "optionalDependencies": {
        "@img/sharp-libvips-linux-s390x": "1.3.0"
      }
    },
    "node_modules/@img/sharp-linux-x64": {
      "version": "0.35.1",
      "resolved": "https://registry.npmjs.org/@img/sharp-linux-x64/-/sharp-linux-x64-0.35.1.tgz",
      "integrity": "sha512-NbJD4mWdeyrNQKluO/tR/wBDOelcowSVGNBWxI0e3ZtlXc6F/UOVKDj1MLD4zl3oHTuvKW3s+MA9N54YTldAYw==",
      "cpu": [
        "x64"
      ],
      "dev": true,
      "license": "Apache-2.0",
      "optional": true,
      "os": [
        "linux"
      ],
      "engines": {
        "node": ">=20.9.0"
      },
      "funding": {
        "url": "https://opencollective.com/libvips"
      },
      "optionalDependencies": {
        "@img/sharp-libvips-linux-x64": "1.3.0"
      }
    },
    "node_modules/@img/sharp-linuxmusl-arm64": {
      "version": "0.35.1",
      "resolved": "https://registry.npmjs.org/@img/sharp-linuxmusl-arm64/-/sharp-linuxmusl-arm64-0.35.1.tgz",
      "integrity": "sha512-VoW2sQCWI+0YIKQEmWJ8vzaQjTg9wIyfkFpvEfAS2h43X6iHu7GTk1hhOgB4IpSzCHe8UwQZIcx7b81VTaOrJA==",
      "cpu": [
        "arm64"
      ],
      "dev": true,
      "license": "Apache-2.0",
      "optional": true,
      "os": [
        "linux"
      ],
      "engines": {
        "node": ">=20.9.0"
      },
      "funding": {
        "url": "https://opencollective.com/libvips"
      },
      "optionalDependencies": {
        "@img/sharp-libvips-linuxmusl-arm64": "1.3.0"
      }
    },
    "node_modules/@img/sharp-linuxmusl-x64": {
      "version": "0.35.1",
      "resolved": "https://registry.npmjs.org/@img/sharp-linuxmusl-x64/-/sharp-linuxmusl-x64-0.35.1.tgz",
      "integrity": "sha512-LjBoSd/c5JU0/K5MwzDMlgsSRP2bPn98JQGFFQAOLQ0bU/1z4ekxUdSKY9BmlwSh/cA+OrvpgsWqfZyYfVHBRw==",
      "cpu": [
        "x64"
      ],
      "dev": true,
      "license": "Apache-2.0",
      "optional": true,
      "os": [
        "linux"
      ],
      "engines": {
        "node": ">=20.9.0"
      },
      "funding": {
        "url": "https://opencollective.com/libvips"
      },
      "optionalDependencies": {
        "@img/sharp-libvips-linuxmusl-x64": "1.3.0"
      }
    },
    "node_modules/@img/sharp-wasm32": {
      "version": "0.35.1",
      "resolved": "https://registry.npmjs.org/@img/sharp-wasm32/-/sharp-wasm32-0.35.1.tgz",
      "integrity": "sha512-PCQUoQdZyE8tp3HpbevuihfUmgSP4qWI0FGEPWoeXqaS+cUrFfemabHQiebUmUmlUhCuNnQMxGrQ+CPqK4hnxg==",
      "dev": true,
      "license": "Apache-2.0 AND LGPL-3.0-or-later AND MIT",
      "optional": true,
      "dependencies": {
        "@emnapi/runtime": "^1.11.0"
      },
      "engines": {
        "node": ">=20.9.0"
      },
      "funding": {
        "url": "https://opencollective.com/libvips"
      }
    },
    "node_modules/@img/sharp-webcontainers-wasm32": {
      "version": "0.35.1",
      "resolved": "https://registry.npmjs.org/@img/sharp-webcontainers-wasm32/-/sharp-webcontainers-wasm32-0.35.1.tgz",
      "integrity": "sha512-xU2ml2bU2OPxYVvW2A6ae4M1g5QKyhKG06P4FAt+YEaFQQO0919Qx+XxIZEUuWTMoDViLpMws2/dQwoe/VcA6A==",
      "cpu": [
        "wasm32"
      ],
      "dev": true,
      "license": "Apache-2.0",
      "optional": true,
      "dependencies": {
        "@img/sharp-wasm32": "0.35.1"
      },
      "engines": {
        "node": ">=20.9.0"
      },
      "funding": {
        "url": "https://opencollective.com/libvips"
      }
    },
    "node_modules/@img/sharp-win32-arm64": {
      "version": "0.35.1",
      "resolved": "https://registry.npmjs.org/@img/sharp-win32-arm64/-/sharp-win32-arm64-0.35.1.tgz",
      "integrity": "sha512-IkmHwuFhYpd3bTsN5SAahjwhiAcyXPooBt8vEUgxY3T0IP70sSJ0nU1xiPzZY8AH/OB1XpV3j8aZSVSOSfTbdA==",
      "cpu": [
        "arm64"
      ],
      "dev": true,
      "license": "Apache-2.0 AND LGPL-3.0-or-later",
      "optional": true,
      "os": [
        "win32"
      ],
      "engines": {
        "node": ">=20.9.0"
      },
      "funding": {
        "url": "https://opencollective.com/libvips"
      }
    },
    "node_modules/@img/sharp-win32-ia32": {
      "version": "0.35.1",
      "resolved": "https://registry.npmjs.org/@img/sharp-win32-ia32/-/sharp-win32-ia32-0.35.1.tgz",
      "integrity": "sha512-wQahqCi9MD8Yxzg4gVM4fNrZxh+r6vD55PyIg+WJPaM5ZRUyF35iQpwJCuma3r6viU9/8Pxlc+XHV+woVa6nCQ==",
      "cpu": [
        "ia32"
      ],
      "dev": true,
      "license": "Apache-2.0 AND LGPL-3.0-or-later",
      "optional": true,
      "os": [
        "win32"
      ],
      "engines": {
        "node": "^20.9.0"
      },
      "funding": {
        "url": "https://opencollective.com/libvips"
      }
    },
    "node_modules/@img/sharp-win32-x64": {
      "version": "0.35.1",
      "resolved": "https://registry.npmjs.org/@img/sharp-win32-x64/-/sharp-win32-x64-0.35.1.tgz",
      "integrity": "sha512-WzBtkYtZHATLPe8XRharxZXxQ9cdLrQWHiwxt+BJ5rBsisQrKeeV86ErxPSVhcG6xCEuNhs0SqLpWr7XDa2k6w==",
      "cpu": [
        "x64"
      ],
      "dev": true,
      "license": "Apache-2.0 AND LGPL-3.0-or-later",
      "optional": true,
      "os": [
        "win32"
      ],
      "engines": {
        "node": ">=20.9.0"
      },
      "funding": {
        "url": "https://opencollective.com/libvips"
      }
    },
    "node_modules/@next/env": {
      "version": "14.2.18",
      "resolved": "https://registry.npmjs.org/@next/env/-/env-14.2.18.tgz",
      "integrity": "sha512-2vWLOUwIPgoqMJKG6dt35fVXVhgM09tw4tK3/Q34GFXDrfiHlG7iS33VA4ggnjWxjiz9KV5xzfsQzJX6vGAekA==",
      "license": "MIT"
    },
    "node_modules/@next/swc-darwin-arm64": {
      "version": "14.2.18",
      "resolved": "https://registry.npmjs.org/@next/swc-darwin-arm64/-/swc-darwin-arm64-14.2.18.tgz",
      "integrity": "sha512-tOBlDHCjGdyLf0ube/rDUs6VtwNOajaWV+5FV/ajPgrvHeisllEdymY/oDgv2cx561+gJksfMUtqf8crug7sbA==",
      "cpu": [
        "arm64"
      ],
      "license": "MIT",
      "optional": true,
      "os": [
        "darwin"
      ],
      "engines": {
        "node": ">= 10"
      }
    },
    "node_modules/@next/swc-darwin-x64": {
      "version": "14.2.18",
      "resolved": "https://registry.npmjs.org/@next/swc-darwin-x64/-/swc-darwin-x64-14.2.18.tgz",
      "integrity": "sha512-uJCEjutt5VeJ30jjrHV1VIHCsbMYnEqytQgvREx+DjURd/fmKy15NaVK4aR/u98S1LGTnjq35lRTnRyygglxoA==",
      "cpu": [
        "x64"
      ],
      "license": "MIT",
      "optional": true,
      "os": [
        "darwin"
      ],
      "engines": {
        "node": ">= 10"
      }
    },
    "node_modules/@next/swc-linux-arm64-gnu": {
      "version": "14.2.18",
      "resolved": "https://registry.npmjs.org/@next/swc-linux-arm64-gnu/-/swc-linux-arm64-gnu-14.2.18.tgz",
      "integrity": "sha512-IL6rU8vnBB+BAm6YSWZewc+qvdL1EaA+VhLQ6tlUc0xp+kkdxQrVqAnh8Zek1ccKHlTDFRyAft0e60gteYmQ4A==",
      "cpu": [
        "arm64"
      ],
      "license": "MIT",
      "optional": true,
      "os": [
        "linux"
      ],
      "engines": {
        "node": ">= 10"
      }
    },
    "node_modules/@next/swc-linux-arm64-musl": {
      "version": "14.2.18",
      "resolved": "https://registry.npmjs.org/@next/swc-linux-arm64-musl/-/swc-linux-arm64-musl-14.2.18.tgz",
      "integrity": "sha512-RCaENbIZqKKqTlL8KNd+AZV/yAdCsovblOpYFp0OJ7ZxgLNbV5w23CUU1G5On+0fgafrsGcW+GdMKdFjaRwyYA==",
      "cpu": [
        "arm64"
      ],
      "license": "MIT",
      "optional": true,
      "os": [
        "linux"
      ],
      "engines": {
        "node": ">= 10"
      }
    },
    "node_modules/@next/swc-linux-x64-gnu": {
      "version": "14.2.18",
      "resolved": "https://registry.npmjs.org/@next/swc-linux-x64-gnu/-/swc-linux-x64-gnu-14.2.18.tgz",
      "integrity": "sha512-3kmv8DlyhPRCEBM1Vavn8NjyXtMeQ49ID0Olr/Sut7pgzaQTo4h01S7Z8YNE0VtbowyuAL26ibcz0ka6xCTH5g==",
      "cpu": [
        "x64"
      ],
      "license": "MIT",
      "optional": true,
      "os": [
        "linux"
      ],
      "engines": {
        "node": ">= 10"
      }
    },
    "node_modules/@next/swc-linux-x64-musl": {
      "version": "14.2.18",
      "resolved": "https://registry.npmjs.org/@next/swc-linux-x64-musl/-/swc-linux-x64-musl-14.2.18.tgz",
      "integrity": "sha512-mliTfa8seVSpTbVEcKEXGjC18+TDII8ykW4a36au97spm9XMPqQTpdGPNBJ9RySSFw9/hLuaCMByluQIAnkzlw==",
      "cpu": [
        "x64"
      ],
      "license": "MIT",
      "optional": true,
      "os": [
        "linux"
      ],
      "engines": {
        "node": ">= 10"
      }
    },
    "node_modules/@next/swc-win32-arm64-msvc": {
      "version": "14.2.18",
      "resolved": "https://registry.npmjs.org/@next/swc-win32-arm64-msvc/-/swc-win32-arm64-msvc-14.2.18.tgz",
      "integrity": "sha512-J5g0UFPbAjKYmqS3Cy7l2fetFmWMY9Oao32eUsBPYohts26BdrMUyfCJnZFQkX9npYaHNDOWqZ6uV9hSDPw9NA==",
      "cpu": [
        "arm64"
      ],
      "license": "MIT",
      "optional": true,
      "os": [
        "win32"
      ],
      "engines": {
        "node": ">= 10"
      }
    },
    "node_modules/@next/swc-win32-ia32-msvc": {
      "version": "14.2.18",
      "resolved": "https://registry.npmjs.org/@next/swc-win32-ia32-msvc/-/swc-win32-ia32-msvc-14.2.18.tgz",
      "integrity": "sha512-Ynxuk4ZgIpdcN7d16ivJdjsDG1+3hTvK24Pp8DiDmIa2+A4CfhJSEHHVndCHok6rnLUzAZD+/UOKESQgTsAZGg==",
      "cpu": [
        "ia32"
      ],
      "license": "MIT",
      "optional": true,
      "os": [
        "win32"
      ],
      "engines": {
        "node": ">= 10"
      }
    },
    "node_modules/@next/swc-win32-x64-msvc": {
      "version": "14.2.18",
      "resolved": "https://registry.npmjs.org/@next/swc-win32-x64-msvc/-/swc-win32-x64-msvc-14.2.18.tgz",
      "integrity": "sha512-dtRGMhiU9TN5nyhwzce+7c/4CCeykYS+ipY/4mIrGzJ71+7zNo55ZxCB7cAVuNqdwtYniFNR2c9OFQ6UdFIMcg==",
      "cpu": [
        "x64"
      ],
      "license": "MIT",
      "optional": true,
      "os": [
        "win32"
      ],
      "engines": {
        "node": ">= 10"
      }
    },
    "node_modules/@supabase/auth-js": {
      "version": "2.108.1",
      "license": "MIT",
      "dependencies": {
        "tslib": "2.8.1"
      },
      "engines": {
        "node": ">=20.0.0"
      }
    },
    "node_modules/@supabase/functions-js": {
      "version": "2.108.1",
      "license": "MIT",
      "dependencies": {
        "tslib": "2.8.1"
      },
      "engines": {
        "node": ">=20.0.0"
      }
    },
    "node_modules/@supabase/phoenix": {
      "version": "0.4.2",
      "license": "MIT"
    },
    "node_modules/@supabase/postgrest-js": {
      "version": "2.108.1",
      "license": "MIT",
      "dependencies": {
        "tslib": "2.8.1"
      },
      "engines": {
        "node": ">=20.0.0"
      }
    },
    "node_modules/@supabase/realtime-js": {
      "version": "2.108.1",
      "license": "MIT",
      "dependencies": {
        "@supabase/phoenix": "^0.4.2",
        "tslib": "2.8.1"
      },
      "engines": {
        "node": ">=20.0.0"
      }
    },
    "node_modules/@supabase/storage-js": {
      "version": "2.108.1",
      "license": "MIT",
      "dependencies": {
        "iceberg-js": "^0.8.1",
        "tslib": "2.8.1"
      },
      "engines": {
        "node": ">=20.0.0"
      }
    },
    "node_modules/@supabase/supabase-js": {
      "version": "2.108.1",
      "license": "MIT",
      "dependencies": {
        "@supabase/auth-js": "2.108.1",
        "@supabase/functions-js": "2.108.1",
        "@supabase/postgrest-js": "2.108.1",
        "@supabase/realtime-js": "2.108.1",
        "@supabase/storage-js": "2.108.1"
      },
      "engines": {
        "node": ">=20.0.0"
      }
    },
    "node_modules/@swc/counter": {
      "version": "0.1.3",
      "license": "Apache-2.0"
    },
    "node_modules/@swc/helpers": {
      "version": "0.5.5",
      "license": "Apache-2.0",
      "dependencies": {
        "@swc/counter": "^0.1.3",
        "tslib": "^2.4.0"
      }
    },
    "node_modules/bcryptjs": {
      "version": "3.0.3",
      "license": "BSD-3-Clause",
      "bin": {
        "bcrypt": "bin/bcrypt"
      }
    },
    "node_modules/busboy": {
      "version": "1.6.0",
      "dependencies": {
        "streamsearch": "^1.1.0"
      },
      "engines": {
        "node": ">=10.16.0"
      }
    },
    "node_modules/caniuse-lite": {
      "version": "1.0.30001799",
      "funding": [
        {
          "type": "opencollective",
          "url": "https://opencollective.com/browserslist"
        },
        {
          "type": "tidelift",
          "url": "https://tidelift.com/funding/github/npm/caniuse-lite"
        },
        {
          "type": "github",
          "url": "https://github.com/sponsors/ai"
        }
      ],
      "license": "CC-BY-4.0"
    },
    "node_modules/client-only": {
      "version": "0.0.1",
      "license": "MIT"
    },
    "node_modules/detect-libc": {
      "version": "2.1.2",
      "resolved": "https://registry.npmjs.org/detect-libc/-/detect-libc-2.1.2.tgz",
      "integrity": "sha512-Btj2BOOO83o3WyH59e8MgXsxEQVcarkUOpEYrubB0urwnN10yQ364rsiByU11nZlqWYZm05i/of7io4mzihBtQ==",
      "dev": true,
      "license": "Apache-2.0",
      "engines": {
        "node": ">=8"
      }
    },
    "node_modules/graceful-fs": {
      "version": "4.2.11",
      "license": "ISC"
    },
    "node_modules/iceberg-js": {
      "version": "0.8.1",
      "license": "MIT",
      "engines": {
        "node": ">=20.0.0"
      }
    },
    "node_modules/jose": {
      "version": "5.10.0",
      "license": "MIT",
      "funding": {
        "url": "https://github.com/sponsors/panva"
      }
    },
    "node_modules/js-tokens": {
      "version": "4.0.0",
      "license": "MIT"
    },
    "node_modules/loose-envify": {
      "version": "1.4.0",
      "license": "MIT",
      "dependencies": {
        "js-tokens": "^3.0.0 || ^4.0.0"
      },
      "bin": {
        "loose-envify": "cli.js"
      }
    },
    "node_modules/nanoid": {
      "version": "3.3.12",
      "funding": [
        {
          "type": "github",
          "url": "https://github.com/sponsors/ai"
        }
      ],
      "license": "MIT",
      "bin": {
        "nanoid": "bin/nanoid.cjs"
      },
      "engines": {
        "node": "^10 || ^12 || ^13.7 || ^14 || >=15.0.1"
      }
    },
    "node_modules/next": {
      "version": "14.2.18",
      "resolved": "https://registry.npmjs.org/next/-/next-14.2.18.tgz",
      "integrity": "sha512-H9qbjDuGivUDEnK6wa+p2XKO+iMzgVgyr9Zp/4Iv29lKa+DYaxJGjOeEA+5VOvJh/M7HLiskehInSa0cWxVXUw==",
      "deprecated": "This version has a security vulnerability. Please upgrade to a patched version. See https://nextjs.org/blog/security-update-2025-12-11 for more details.",
      "license": "MIT",
      "dependencies": {
        "@next/env": "14.2.18",
        "@swc/helpers": "0.5.5",
        "busboy": "1.6.0",
        "caniuse-lite": "^1.0.30001579",
        "graceful-fs": "^4.2.11",
        "postcss": "8.4.31",
        "styled-jsx": "5.1.1"
      },
      "bin": {
        "next": "dist/bin/next"
      },
      "engines": {
        "node": ">=18.17.0"
      },
      "optionalDependencies": {
        "@next/swc-darwin-arm64": "14.2.18",
        "@next/swc-darwin-x64": "14.2.18",
        "@next/swc-linux-arm64-gnu": "14.2.18",
        "@next/swc-linux-arm64-musl": "14.2.18",
        "@next/swc-linux-x64-gnu": "14.2.18",
        "@next/swc-linux-x64-musl": "14.2.18",
        "@next/swc-win32-arm64-msvc": "14.2.18",
        "@next/swc-win32-ia32-msvc": "14.2.18",
        "@next/swc-win32-x64-msvc": "14.2.18"
      },
      "peerDependencies": {
        "@opentelemetry/api": "^1.1.0",
        "@playwright/test": "^1.41.2",
        "react": "^18.2.0",
        "react-dom": "^18.2.0",
        "sass": "^1.3.0"
      },
      "peerDependenciesMeta": {
        "@opentelemetry/api": {
          "optional": true
        },
        "@playwright/test": {
          "optional": true
        },
        "sass": {
          "optional": true
        }
      }
    },
    "node_modules/nodemailer": {
      "version": "6.10.1",
      "resolved": "https://registry.npmjs.org/nodemailer/-/nodemailer-6.10.1.tgz",
      "integrity": "sha512-Z+iLaBGVaSjbIzQ4pX6XV41HrooLsQ10ZWPUehGmuantvzWoDVBnmsdUcOIDM1t+yPor5pDhVlDESgOMEGxhHA==",
      "license": "MIT-0",
      "engines": {
        "node": ">=6.0.0"
      }
    },
    "node_modules/picocolors": {
      "version": "1.1.1",
      "license": "ISC"
    },
    "node_modules/postcss": {
      "version": "8.4.31",
      "funding": [
        {
          "type": "opencollective",
          "url": "https://opencollective.com/postcss/"
        },
        {
          "type": "tidelift",
          "url": "https://tidelift.com/funding/github/npm/postcss"
        },
        {
          "type": "github",
          "url": "https://github.com/sponsors/ai"
        }
      ],
      "license": "MIT",
      "dependencies": {
        "nanoid": "^3.3.6",
        "picocolors": "^1.0.0",
        "source-map-js": "^1.0.2"
      },
      "engines": {
        "node": "^10 || ^12 || >=14"
      }
    },
    "node_modules/react": {
      "version": "18.3.1",
      "license": "MIT",
      "dependencies": {
        "loose-envify": "^1.1.0"
      },
      "engines": {
        "node": ">=0.10.0"
      }
    },
    "node_modules/react-dom": {
      "version": "18.3.1",
      "license": "MIT",
      "dependencies": {
        "loose-envify": "^1.1.0",
        "scheduler": "^0.23.2"
      },
      "peerDependencies": {
        "react": "^18.3.1"
      }
    },
    "node_modules/scheduler": {
      "version": "0.23.2",
      "license": "MIT",
      "dependencies": {
        "loose-envify": "^1.1.0"
      }
    },
    "node_modules/semver": {
      "version": "7.8.4",
      "resolved": "https://registry.npmjs.org/semver/-/semver-7.8.4.tgz",
      "integrity": "sha512-rUCObTnP32Q08R2uuIrt7r9PlEonuTmtuXYcW6s5kjdlj3xbnwe+21yXptAUYcMAABLkYYTtnmzb3w3EDZfueA==",
      "dev": true,
      "license": "ISC",
      "bin": {
        "semver": "bin/semver.js"
      },
      "engines": {
        "node": ">=10"
      }
    },
    "node_modules/sharp": {
      "version": "0.35.1",
      "resolved": "https://registry.npmjs.org/sharp/-/sharp-0.35.1.tgz",
      "integrity": "sha512-lW979AMi+ESidzMv/Lnv+F9bknzLyxLqFI05Sm433vOeRcltgxQmXpnfOOFIAlKtwXU/ksupm2srQoFCkR214g==",
      "dev": true,
      "license": "Apache-2.0",
      "dependencies": {
        "@img/colour": "^1.1.0",
        "detect-libc": "^2.1.2",
        "semver": "^7.8.4"
      },
      "engines": {
        "node": ">=20.9.0"
      },
      "funding": {
        "url": "https://opencollective.com/libvips"
      },
      "optionalDependencies": {
        "@img/sharp-darwin-arm64": "0.35.1",
        "@img/sharp-darwin-x64": "0.35.1",
        "@img/sharp-freebsd-wasm32": "0.35.1",
        "@img/sharp-libvips-darwin-arm64": "1.3.0",
        "@img/sharp-libvips-darwin-x64": "1.3.0",
        "@img/sharp-libvips-linux-arm": "1.3.0",
        "@img/sharp-libvips-linux-arm64": "1.3.0",
        "@img/sharp-libvips-linux-ppc64": "1.3.0",
        "@img/sharp-libvips-linux-riscv64": "1.3.0",
        "@img/sharp-libvips-linux-s390x": "1.3.0",
        "@img/sharp-libvips-linux-x64": "1.3.0",
        "@img/sharp-libvips-linuxmusl-arm64": "1.3.0",
        "@img/sharp-libvips-linuxmusl-x64": "1.3.0",
        "@img/sharp-linux-arm": "0.35.1",
        "@img/sharp-linux-arm64": "0.35.1",
        "@img/sharp-linux-ppc64": "0.35.1",
        "@img/sharp-linux-riscv64": "0.35.1",
        "@img/sharp-linux-s390x": "0.35.1",
        "@img/sharp-linux-x64": "0.35.1",
        "@img/sharp-linuxmusl-arm64": "0.35.1",
        "@img/sharp-linuxmusl-x64": "0.35.1",
        "@img/sharp-webcontainers-wasm32": "0.35.1",
        "@img/sharp-win32-arm64": "0.35.1",
        "@img/sharp-win32-ia32": "0.35.1",
        "@img/sharp-win32-x64": "0.35.1"
      }
    },
    "node_modules/source-map-js": {
      "version": "1.2.1",
      "license": "BSD-3-Clause",
      "engines": {
        "node": ">=0.10.0"
      }
    },
    "node_modules/streamsearch": {
      "version": "1.1.0",
      "engines": {
        "node": ">=10.0.0"
      }
    },
    "node_modules/styled-jsx": {
      "version": "5.1.1",
      "license": "MIT",
      "dependencies": {
        "client-only": "0.0.1"
      },
      "engines": {
        "node": ">= 12.0.0"
      },
      "peerDependencies": {
        "react": ">= 16.8.0 || 17.x.x || ^18.0.0-0"
      },
      "peerDependenciesMeta": {
        "@babel/core": {
          "optional": true
        },
        "babel-plugin-macros": {
          "optional": true
        }
      }
    },
    "node_modules/tslib": {
      "version": "2.8.1",
      "license": "0BSD"
    }
  }
}
